{"is_source_file": false, "format": "", "description": "", "external_files": [], "external_methods": [], "published": [], "classes": [], "methods": [], "calls": [], "search-terms": [], "state": 2, "file_id": 35, "knowledge_revision": 83, "git_revision": "c2d62b9940ac911ca651ec7f92e29dc08a4f4a2d", "hash": "e9b4c3b42cef0193b7fddb548d37e652", "format-version": 4, "code-base-name": "default", "filename": "culinarycanvas_frontend/post_process_status.lock", "revision_history": [{"83": "c2d62b9940ac911ca651ec7f92e29dc08a4f4a2d"}]}